# This file is automatically @generated by Poetry 2.2.1 and should not be changed by hand.

[[package]]
name = "colorama"
version = "0.4.6"
description = "Cross-platform colored terminal text."
optional = false
python-versions = "!=3.0.*,!=3.1.*,!=3.2.*,!=3.3.*,!=3.4.*,!=3.5.*,!=3.6.*,>=2.7"
groups = ["dev"]
markers = "sys_platform == \"win32\""
files = [
    {file = "colorama-0.4.6-py2.py3-none-any.whl", hash = "sha256:4f1d9991f5acc0ca119f9d443620b77f9d6b33703e51011c16baf57afb285fc6"},
    {file = "colorama-0.4.6.tar.gz", hash = "sha256:08695f5cb7ed6e0531a20572697297273c47b8cae5a63ffc6d6ed5c201be6e44"},
]

[[package]]
name = "iniconfig"
version = "2.1.0"
description = "brain-dead simple config-ini parsing"
optional = false
python-versions = ">=3.8"
groups = ["dev"]
files = [
    {file = "iniconfig-2.1.0-py3-none-any.whl", hash = "sha256:9deba5723312380e77435581c6bf4935c94cbfab9b1ed33ef8d238ea168eb760"},
    {file = "iniconfig-2.1.0.tar.gz", hash = "sha256:3abbd2e30b36733fee78f9c7f7308f2d0050e88f0087fd25c2645f63c773e1c7"},
]

[[package]]
name = "maturin"
version = "1.13.3"
description = "Build and publish crates with pyo3, cffi and uniffi bindings as well as rust binaries as python packages"
optional = false
python-versions = ">=3.7"
groups = ["main"]
files = [
    {file = "maturin-1.13.3-py3-none-linux_armv6l.whl", hash = "sha256:3cc13929ca82aefa4adbf0f2c35419369796213c6fb0eb24e914945f50ef5d8c"},
    {file = "maturin-1.13.3-py3-none-macosx_10_12_x86_64.macosx_11_0_arm64.macosx_10_12_universal2.whl", hash = "sha256:53b08bd075649ce96513ad9abf241a43cb685ed6e9e7790f8dbc2d66e95d8323"},
    {file = "maturin-1.13.3-py3-none-macosx_10_12_x86_64.whl", hash = "sha256:4cd478e6e4c56251e48ed079b8efd55b30bc5c09cf695a1bdafaeb582ee735a0"},
    {file = "maturin-1.13.3-py3-none-manylinux_2_12_i686.manylinux2010_i686.musllinux_1_1_i686.whl", hash = "sha256:a2675e25f313034ae6f57388cf14818f87d8961c4a96795287f3e155f59beb11"},
    {file = "maturin-1.13.3-py3-none-manylinux_2_12_x86_64.manylinux2010_x86_64.musllinux_1_1_x86_64.whl", hash = "sha256:4667ef609ab446c1b5e0bfe4f9fb99699ab6d8548433f8d1a684256e0b67217f"},
    {file = "maturin-1.13.3-py3-none-manylinux_2_17_aarch64.manylinux2014_aarch64.musllinux_1_1_aarch64.whl", hash = "sha256:3db93337ed97e60ffc878aa8b493cd7ae44d3a5e1a37256db3a4491f57565018"},
    {file = "maturin-1.13.3-py3-none-manylinux_2_17_armv7l.manylinux2014_armv7l.musllinux_1_1_armv7l.whl", hash = "sha256:1cc0a110b224ca90406b668a3e3c1f5a515062e59e26292f6dbaf5fd4909c6f3"},
    {file = "maturin-1.13.3-py3-none-manylinux_2_17_ppc64le.manylinux2014_ppc64le.musllinux_1_1_ppc64le.whl", hash = "sha256:c00ea6428dea17bf616fe93770837634454b28c2de1a876e42ef8036c616079a"},
    {file = "maturin-1.13.3-py3-none-manylinux_2_17_s390x.manylinux2014_s390x.whl", hash = "sha256:49fd6ab08da28098ccf37afca24cdba72376ba9c1eedf9dd25ff82ed771961ff"},
    {file = "maturin-1.13.3-py3-none-manylinux_2_31_riscv64.musllinux_1_1_riscv64.whl", hash = "sha256:b6741d7bf4af97da937528fd1e523c6ab54f53d9a21870fa735d6e67fd88e273"},
    {file = "maturin-1.13.3-py3-none-win32.whl", hash = "sha256:0ef257e692cc756c87af5bea95ddfe7d3ac49d3376a7a87f728d63f06e7b6f8b"},
    {file = "maturin-1.13.3-py3-none-win_amd64.whl", hash = "sha256:def4a435ea9d2ee93b18ba579dc8c9cf898889a66f312cd379b5e374ec3e3ad6"},
    {file = "maturin-1.13.3-py3-none-win_arm64.whl", hash = "sha256:2389fe92d017cea9d94e521fa0175314a4c52f79a1057b901fbc9f8686ef7d0b"},
    {file = "maturin-1.13.3.tar.gz", hash = "sha256:771e1e9e71a278e56db01552e0d1acfd1464259f9575b6e72842f893cd299079"},
]

[package.extras]
patchelf = ["patchelf"]
zig = ["ziglang (>=0.10.0)"]

[[package]]
name = "packaging"
version = "25.0"
description = "Core utilities for Python packages"
optional = false
python-versions = ">=3.8"
groups = ["dev"]
files = [
    {file = "packaging-25.0-py3-none-any.whl", hash = "sha256:29572ef2b1f17581046b3a2227d5c611fb25ec70ca1ba8554b24b0e69331a484"},
    {file = "packaging-25.0.tar.gz", hash = "sha256:d443872c98d677bf60f6a1f2f8c1cb748e8fe762d2bf9d3148b5599295b0fc4f"},
]

[[package]]
name = "pluggy"
version = "1.6.0"
description = "plugin and hook calling mechanisms for python"
optional = false
python-versions = ">=3.9"
groups = ["dev"]
files = [
    {file = "pluggy-1.6.0-py3-none-any.whl", hash = "sha256:e920276dd6813095e9377c0bc5566d94c932c33b27a3e3945d8389c374dd4746"},
    {file = "pluggy-1.6.0.tar.gz", hash = "sha256:7dcc130b76258d33b90f61b658791dede3486c3e6bfb003ee5c9bfb396dd22f3"},
]

[package.extras]
dev = ["pre-commit", "tox"]
testing = ["coverage", "pytest", "pytest-benchmark"]

[[package]]
name = "pygments"
version = "2.19.2"
description = "Pygments is a syntax highlighting package written in Python."
optional = false
python-versions = ">=3.8"
groups = ["dev"]
files = [
    {file = "pygments-2.19.2-py3-none-any.whl", hash = "sha256:86540386c03d588bb81d44bc3928634ff26449851e99741617ecb9037ee5ec0b"},
    {file = "pygments-2.19.2.tar.gz", hash = "sha256:636cb2477cec7f8952536970bc533bc43743542f70392ae026374600add5b887"},
]

[package.extras]
windows-terminal = ["colorama (>=0.4.6)"]

[[package]]
name = "pytest"
version = "9.0.3"
description = "pytest: simple powerful testing with Python"
optional = false
python-versions = ">=3.10"
groups = ["dev"]
files = [
    {file = "pytest-9.0.3-py3-none-any.whl", hash = "sha256:2c5efc453d45394fdd706ade797c0a81091eccd1d6e4bccfcd476e2b8e0ab5d9"},
    {file = "pytest-9.0.3.tar.gz", hash = "sha256:b86ada508af81d19edeb213c681b1d48246c1a91d304c6c81a427674c17eb91c"},
]

[package.dependencies]
colorama = {version = ">=0.4", markers = "sys_platform == \"win32\""}
iniconfig = ">=1.0.1"
packaging = ">=22"
pluggy = ">=1.5,<2"
pygments = ">=2.7.2"

[package.extras]
dev = ["argcomplete", "attrs (>=19.2)", "hypothesis (>=3.56)", "mock", "requests", "setuptools", "xmlschema"]

[[package]]
name = "ruff"
version = "0.15.13"
description = "An extremely fast Python linter and code formatter, written in Rust."
optional = false
python-versions = ">=3.7"
groups = ["dev"]
files = [
    {file = "ruff-0.15.13-py3-none-linux_armv6l.whl", hash = "sha256:444b580fc72fd6887e650acd3e575e18cdc79dbcf42fb4030b491057921f61f8"},
    {file = "ruff-0.15.13-py3-none-macosx_10_12_x86_64.whl", hash = "sha256:6590d009e7cb7ebf36f83dbdd44a3fa48a0994ff6f1cdc1b08006abe58f98dc7"},
    {file = "ruff-0.15.13-py3-none-macosx_11_0_arm64.whl", hash = "sha256:1c26d2f66163deeb6e08d8b39fbbe983ce3c71cea06a6d7591cfd1421793c629"},
    {file = "ruff-0.15.13-py3-none-manylinux_2_17_aarch64.manylinux2014_aarch64.whl", hash = "sha256:9dbd6f94b434f896308e4d57fb7bfde0d02b99f7a64b3bdab0fdfa6a864203a5"},
    {file = "ruff-0.15.13-py3-none-manylinux_2_17_armv7l.manylinux2014_armv7l.whl", hash = "sha256:bf3259f3be4d181bda591da5db2571aed6853c6a048157756448020bc6c5cd22"},
    {file = "ruff-0.15.13-py3-none-manylinux_2_17_i686.manylinux2014_i686.whl", hash = "sha256:ae9c17e5eb4430c154e76abc25d79a318190f5a997f38fb6b114416c5319ffc9"},
    {file = "ruff-0.15.13-py3-none-manylinux_2_17_ppc64le.manylinux2014_ppc64le.whl", hash = "sha256:2e2e39bff6c341f4b577a21b801326fab0b11847f48fcaa83f00a113c9b3cb55"},
    {file = "ruff-0.15.13-py3-none-manylinux_2_17_s390x.manylinux2014_s390x.whl", hash = "sha256:e8d9a8e08013542e94d3220bc5b62cc3e5ef87c5f74bff367d3fac14fab013e6"},
    {file = "ruff-0.15.13-py3-none-manylinux_2_17_x86_64.manylinux2014_x86_64.whl", hash = "sha256:cc411dfebe5eebe55ce041c6ae080eb7668955e866daa2fbb16692a784f1c4ca"},
    {file = "ruff-0.15.13-py3-none-manylinux_2_31_riscv64.whl", hash = "sha256:768494eb08b9cee54e2fd27969966f74db5a57f6eaa7a90fcb3306af34dfc4bd"},
    {file = "ruff-0.15.13-py3-none-musllinux_1_2_aarch64.whl", hash = "sha256:fb75f9a3a7e42ffe117d734494e6c5e5cb3565d66e12612cb63d0e572a41a5b6"},
    {file = "ruff-0.15.13-py3-none-musllinux_1_2_armv7l.whl", hash = "sha256:8cb74dd33bb2f6613faf7fc03b660053b5ac4f80e706d5788c6335e2a8048d51"},
    {file = "ruff-0.15.13-py3-none-musllinux_1_2_i686.whl", hash = "sha256:7ef823f817fcd191dc934e984be9cf4094f808effa16f2542ad8e821ba02bbf2"},
    {file = "ruff-0.15.13-py3-none-musllinux_1_2_x86_64.whl", hash = "sha256:f345a13937bd7f09f6f5d19fa0721b0c103e00e7f62bc67089a8e5e037719e0b"},
    {file = "ruff-0.15.13-py3-none-win32.whl", hash = "sha256:4044f94208b3b05ba0fc4a4abd0558cf4d6459bd18325eead7fd8cc66f909b41"},
    {file = "ruff-0.15.13-py3-none-win_amd64.whl", hash = "sha256:7064884d442b7d477b4e7473d12da7f08851d2b1982763c5d3f388a19468a1a4"},
    {file = "ruff-0.15.13-py3-none-win_arm64.whl", hash = "sha256:2471da9bd1068c8c064b5fd9c0c4b6dddffd6369cb1cd68b29993b1709ff1b21"},
    {file = "ruff-0.15.13.tar.gz", hash = "sha256:f9d89f17f7ba7fb2ed42921f0df75da797a9a5d71bc39049e2c687cf2baf44b7"},
]

[metadata]
lock-version = "2.1"
python-versions = ">=3.11"
content-hash = "dc453495960a728588bb930ec2afdfe427f96c6fb2ee94c70e595db958325ca1"
