# This file is automatically @generated by Poetry 2.2.1 and should not be changed by hand.

[[package]]
name = "colorama"
version = "0.4.6"
description = "Cross-platform colored terminal text."
optional = false
python-versions = "!=3.0.*,!=3.1.*,!=3.2.*,!=3.3.*,!=3.4.*,!=3.5.*,!=3.6.*,>=2.7"
groups = ["dev"]
markers = "sys_platform == \"win32\""
files = [
    {file = "colorama-0.4.6-py2.py3-none-any.whl", hash = "sha256:4f1d9991f5acc0ca119f9d443620b77f9d6b33703e51011c16baf57afb285fc6"},
    {file = "colorama-0.4.6.tar.gz", hash = "sha256:08695f5cb7ed6e0531a20572697297273c47b8cae5a63ffc6d6ed5c201be6e44"},
]

[[package]]
name = "iniconfig"
version = "2.1.0"
description = "brain-dead simple config-ini parsing"
optional = false
python-versions = ">=3.8"
groups = ["dev"]
files = [
    {file = "iniconfig-2.1.0-py3-none-any.whl", hash = "sha256:9deba5723312380e77435581c6bf4935c94cbfab9b1ed33ef8d238ea168eb760"},
    {file = "iniconfig-2.1.0.tar.gz", hash = "sha256:3abbd2e30b36733fee78f9c7f7308f2d0050e88f0087fd25c2645f63c773e1c7"},
]

[[package]]
name = "maturin"
version = "1.9.4"
description = "Build and publish crates with pyo3, cffi and uniffi bindings as well as rust binaries as python packages"
optional = false
python-versions = ">=3.7"
groups = ["main"]
files = [
    {file = "maturin-1.9.4-py3-none-linux_armv6l.whl", hash = "sha256:6ff37578e3f5fdbe685110d45f60af1f5a7dfce70a1e26dfe3810af66853ecae"},
    {file = "maturin-1.9.4-py3-none-macosx_10_12_x86_64.macosx_11_0_arm64.macosx_10_12_universal2.whl", hash = "sha256:f3837bb53611b2dafa1c090436c330f2d743ba305ef00d8801a371f4495e7e1b"},
    {file = "maturin-1.9.4-py3-none-macosx_10_12_x86_64.whl", hash = "sha256:4227d627d8e3bfe45877a8d65e9d8351a9d01434549f0da75d2c06a1b570de58"},
    {file = "maturin-1.9.4-py3-none-manylinux_2_12_i686.manylinux2010_i686.musllinux_1_1_i686.whl", hash = "sha256:1bb2aa0fa29032e9c5aac03ac400396ddea12cadef242f8967e9c8ef715313a1"},
    {file = "maturin-1.9.4-py3-none-manylinux_2_12_x86_64.manylinux2010_x86_64.musllinux_1_1_x86_64.whl", hash = "sha256:a0868d52934c8a5d1411b42367633fdb5cd5515bec47a534192282167448ec30"},
    {file = "maturin-1.9.4-py3-none-manylinux_2_17_aarch64.manylinux2014_aarch64.musllinux_1_1_aarch64.whl", hash = "sha256:68b7b833b25741c0f553b78e8b9e095b31ae7c6611533b3c7b71f84c2cb8fc44"},
    {file = "maturin-1.9.4-py3-none-manylinux_2_17_armv7l.manylinux2014_armv7l.musllinux_1_1_armv7l.whl", hash = "sha256:08dc86312afee55af778af919818632e35d8d0464ccd79cb86700d9ea560ccd7"},
    {file = "maturin-1.9.4-py3-none-manylinux_2_17_ppc64le.manylinux2014_ppc64le.musllinux_1_1_ppc64le.whl", hash = "sha256:ef20ffdd943078c4c3699c29fb2ed722bb6b4419efdade6642d1dbf248f94a70"},
    {file = "maturin-1.9.4-py3-none-manylinux_2_17_s390x.manylinux2014_s390x.whl", hash = "sha256:368e958468431dfeec80f75eea9639b4356d8c42428b0128444424b083fecfb0"},
    {file = "maturin-1.9.4-py3-none-manylinux_2_31_riscv64.whl", hash = "sha256:273f879214f63f79bfe851cd7d541f8150bdbfae5dfdc3c0c4d125d02d1f41b4"},
    {file = "maturin-1.9.4-py3-none-win32.whl", hash = "sha256:ed2e54d132ace7e61829bd49709331007dd9a2cc78937f598aa76a4f69b6804d"},
    {file = "maturin-1.9.4-py3-none-win_amd64.whl", hash = "sha256:8e450bb2c9afdf38a0059ee2e1ec2b17323f152b59c16f33eb9c74edaf1f9f79"},
    {file = "maturin-1.9.4-py3-none-win_arm64.whl", hash = "sha256:7a6f980a9b67a5c13c844c268eabd855b54a6a765df4b4bb07d15a990572a4c9"},
    {file = "maturin-1.9.4.tar.gz", hash = "sha256:235163a0c99bc6f380fb8786c04fd14dcf6cd622ff295ea3de525015e6ac40cf"},
]

[package.extras]
patchelf = ["patchelf"]
zig = ["ziglang (>=0.10.0,<0.13.0)"]

[[package]]
name = "packaging"
version = "25.0"
description = "Core utilities for Python packages"
optional = false
python-versions = ">=3.8"
groups = ["dev"]
files = [
    {file = "packaging-25.0-py3-none-any.whl", hash = "sha256:29572ef2b1f17581046b3a2227d5c611fb25ec70ca1ba8554b24b0e69331a484"},
    {file = "packaging-25.0.tar.gz", hash = "sha256:d443872c98d677bf60f6a1f2f8c1cb748e8fe762d2bf9d3148b5599295b0fc4f"},
]

[[package]]
name = "pluggy"
version = "1.6.0"
description = "plugin and hook calling mechanisms for python"
optional = false
python-versions = ">=3.9"
groups = ["dev"]
files = [
    {file = "pluggy-1.6.0-py3-none-any.whl", hash = "sha256:e920276dd6813095e9377c0bc5566d94c932c33b27a3e3945d8389c374dd4746"},
    {file = "pluggy-1.6.0.tar.gz", hash = "sha256:7dcc130b76258d33b90f61b658791dede3486c3e6bfb003ee5c9bfb396dd22f3"},
]

[package.extras]
dev = ["pre-commit", "tox"]
testing = ["coverage", "pytest", "pytest-benchmark"]

[[package]]
name = "pygments"
version = "2.19.2"
description = "Pygments is a syntax highlighting package written in Python."
optional = false
python-versions = ">=3.8"
groups = ["dev"]
files = [
    {file = "pygments-2.19.2-py3-none-any.whl", hash = "sha256:86540386c03d588bb81d44bc3928634ff26449851e99741617ecb9037ee5ec0b"},
    {file = "pygments-2.19.2.tar.gz", hash = "sha256:636cb2477cec7f8952536970bc533bc43743542f70392ae026374600add5b887"},
]

[package.extras]
windows-terminal = ["colorama (>=0.4.6)"]

[[package]]
name = "pytest"
version = "9.0.3"
description = "pytest: simple powerful testing with Python"
optional = false
python-versions = ">=3.10"
groups = ["dev"]
files = [
    {file = "pytest-9.0.3-py3-none-any.whl", hash = "sha256:2c5efc453d45394fdd706ade797c0a81091eccd1d6e4bccfcd476e2b8e0ab5d9"},
    {file = "pytest-9.0.3.tar.gz", hash = "sha256:b86ada508af81d19edeb213c681b1d48246c1a91d304c6c81a427674c17eb91c"},
]

[package.dependencies]
colorama = {version = ">=0.4", markers = "sys_platform == \"win32\""}
iniconfig = ">=1.0.1"
packaging = ">=22"
pluggy = ">=1.5,<2"
pygments = ">=2.7.2"

[package.extras]
dev = ["argcomplete", "attrs (>=19.2)", "hypothesis (>=3.56)", "mock", "requests", "setuptools", "xmlschema"]

[[package]]
name = "ruff"
version = "0.13.1"
description = "An extremely fast Python linter and code formatter, written in Rust."
optional = false
python-versions = ">=3.7"
groups = ["dev"]
files = [
    {file = "ruff-0.13.1-py3-none-linux_armv6l.whl", hash = "sha256:b2abff595cc3cbfa55e509d89439b5a09a6ee3c252d92020bd2de240836cf45b"},
    {file = "ruff-0.13.1-py3-none-macosx_10_12_x86_64.whl", hash = "sha256:4ee9f4249bf7f8bb3984c41bfaf6a658162cdb1b22e3103eabc7dd1dc5579334"},
    {file = "ruff-0.13.1-py3-none-macosx_11_0_arm64.whl", hash = "sha256:5c5da4af5f6418c07d75e6f3224e08147441f5d1eac2e6ce10dcce5e616a3bae"},
    {file = "ruff-0.13.1-py3-none-manylinux_2_17_aarch64.manylinux2014_aarch64.whl", hash = "sha256:80524f84a01355a59a93cef98d804e2137639823bcee2931f5028e71134a954e"},
    {file = "ruff-0.13.1-py3-none-manylinux_2_17_armv7l.manylinux2014_armv7l.whl", hash = "sha256:ff7f5ce8d7988767dd46a148192a14d0f48d1baea733f055d9064875c7d50389"},
    {file = "ruff-0.13.1-py3-none-manylinux_2_17_i686.manylinux2014_i686.whl", hash = "sha256:c55d84715061f8b05469cdc9a446aa6c7294cd4bd55e86a89e572dba14374f8c"},
    {file = "ruff-0.13.1-py3-none-manylinux_2_17_ppc64.manylinux2014_ppc64.whl", hash = "sha256:ac57fed932d90fa1624c946dc67a0a3388d65a7edc7d2d8e4ca7bddaa789b3b0"},
    {file = "ruff-0.13.1-py3-none-manylinux_2_17_ppc64le.manylinux2014_ppc64le.whl", hash = "sha256:c366a71d5b4f41f86a008694f7a0d75fe409ec298685ff72dc882f882d532e36"},
    {file = "ruff-0.13.1-py3-none-manylinux_2_17_s390x.manylinux2014_s390x.whl", hash = "sha256:f4ea9d1b5ad3e7a83ee8ebb1229c33e5fe771e833d6d3dcfca7b77d95b060d38"},
    {file = "ruff-0.13.1-py3-none-manylinux_2_17_x86_64.manylinux2014_x86_64.whl", hash = "sha256:b0f70202996055b555d3d74b626406476cc692f37b13bac8828acff058c9966a"},
    {file = "ruff-0.13.1-py3-none-manylinux_2_31_riscv64.whl", hash = "sha256:f8cff7a105dad631085d9505b491db33848007d6b487c3c1979dd8d9b2963783"},
    {file = "ruff-0.13.1-py3-none-musllinux_1_2_aarch64.whl", hash = "sha256:9761e84255443316a258dd7dfbd9bfb59c756e52237ed42494917b2577697c6a"},
    {file = "ruff-0.13.1-py3-none-musllinux_1_2_armv7l.whl", hash = "sha256:3d376a88c3102ef228b102211ef4a6d13df330cb0f5ca56fdac04ccec2a99700"},
    {file = "ruff-0.13.1-py3-none-musllinux_1_2_i686.whl", hash = "sha256:cbefd60082b517a82c6ec8836989775ac05f8991715d228b3c1d86ccc7df7dae"},
    {file = "ruff-0.13.1-py3-none-musllinux_1_2_x86_64.whl", hash = "sha256:dd16b9a5a499fe73f3c2ef09a7885cb1d97058614d601809d37c422ed1525317"},
    {file = "ruff-0.13.1-py3-none-win32.whl", hash = "sha256:55e9efa692d7cb18580279f1fbb525146adc401f40735edf0aaeabd93099f9a0"},
    {file = "ruff-0.13.1-py3-none-win_amd64.whl", hash = "sha256:3a3fb595287ee556de947183489f636b9f76a72f0fa9c028bdcabf5bab2cc5e5"},
    {file = "ruff-0.13.1-py3-none-win_arm64.whl", hash = "sha256:c0bae9ffd92d54e03c2bf266f466da0a65e145f298ee5b5846ed435f6a00518a"},
    {file = "ruff-0.13.1.tar.gz", hash = "sha256:88074c3849087f153d4bb22e92243ad4c1b366d7055f98726bc19aa08dc12d51"},
]

[metadata]
lock-version = "2.1"
python-versions = ">=3.11"
content-hash = "1d1fcf249d90c428c2cc80dc2fca32d10da0a07be6df41b32e298124fa53b67a"
